
Microsoft Visual Studio Solution File, Format Version 12.00
# Visual Studio 14
VisualStudioVersion = 14.0.25420.1
MinimumVisualStudioVersion = 10.0.40219.1
Project("{FAE04EC0-301F-11D3-BF4B-00C04F79EFBC}") = "SeeSharp", "SeeSharp.csproj", "{CAA37C92-D208-43D5-82C2-1D54DB61A65C}"
EndProject
Project("{FAE04EC0-301F-11D3-BF4B-00C04F79EFBC}") = "SeeSharp.Web", "..\SeeSharp.Web\SeeSharp.Web.csproj", "{A0A1856B-3A66-4F28-8724-0DA9FF4236AC}"
EndProject
Project("{FAE04EC0-301F-11D3-BF4B-00C04F79EFBC}") = "SeeSharp.BO", "..\SeeSharp.BO\SeeSharp.BO.csproj", "{4DDFFA8E-F3C0-41EB-98C9-97FC5C07D3DC}"
EndProject
Global
	GlobalSection(SolutionConfigurationPlatforms) = preSolution
		Debug|Any CPU = Debug|Any CPU
		Release|Any CPU = Release|Any CPU
	EndGlobalSection
	GlobalSection(ProjectConfigurationPlatforms) = postSolution
		{CAA37C92-D208-43D5-82C2-1D54DB61A65C}.Debug|Any CPU.ActiveCfg = Debug|Any CPU
		{CAA37C92-D208-43D5-82C2-1D54DB61A65C}.Debug|Any CPU.Build.0 = Debug|Any CPU
		{CAA37C92-D208-43D5-82C2-1D54DB61A65C}.Release|Any CPU.ActiveCfg = Release|Any CPU
		{CAA37C92-D208-43D5-82C2-1D54DB61A65C}.Release|Any CPU.Build.0 = Release|Any CPU
		{A0A1856B-3A66-4F28-8724-0DA9FF4236AC}.Debug|Any CPU.ActiveCfg = Debug|Any CPU
		{A0A1856B-3A66-4F28-8724-0DA9FF4236AC}.Debug|Any CPU.Build.0 = Debug|Any CPU
		{A0A1856B-3A66-4F28-8724-0DA9FF4236AC}.Release|Any CPU.ActiveCfg = Release|Any CPU
		{A0A1856B-3A66-4F28-8724-0DA9FF4236AC}.Release|Any CPU.Build.0 = Release|Any CPU
		{4DDFFA8E-F3C0-41EB-98C9-97FC5C07D3DC}.Debug|Any CPU.ActiveCfg = Debug|Any CPU
		{4DDFFA8E-F3C0-41EB-98C9-97FC5C07D3DC}.Debug|Any CPU.Build.0 = Debug|Any CPU
		{4DDFFA8E-F3C0-41EB-98C9-97FC5C07D3DC}.Release|Any CPU.ActiveCfg = Release|Any CPU
		{4DDFFA8E-F3C0-41EB-98C9-97FC5C07D3DC}.Release|Any CPU.Build.0 = Release|Any CPU
	EndGlobalSection
	GlobalSection(SolutionProperties) = preSolution
		HideSolutionNode = FALSE
	EndGlobalSection
EndGlobal
